
Microsoft Visual Studio Solution File, Format Version 12.00
# Visual Studio 15
Project("{FAE04EC0-301F-11D3-BF4B-00C04F79EFBC}") = "Tasks", "Tasks\Tasks.csproj", "{7BE815D1-2D2C-440A-B837-A133FB086080}"
EndProject
Global
	GlobalSection(SolutionConfigurationPlatforms) = preSolution
		Debug|iPhoneSimulator = Debug|iPhoneSimulator
		Release|iPhone = Release|iPhone
		Release|iPhoneSimulator = Release|iPhoneSimulator
		Debug|iPhone = Debug|iPhone
	EndGlobalSection
	GlobalSection(ProjectConfigurationPlatforms) = postSolution
		{7BE815D1-2D2C-440A-B837-A133FB086080}.Debug|iPhoneSimulator.ActiveCfg = Debug|iPhoneSimulator
		{7BE815D1-2D2C-440A-B837-A133FB086080}.Debug|iPhoneSimulator.Build.0 = Debug|iPhoneSimulator
		{7BE815D1-2D2C-440A-B837-A133FB086080}.Release|iPhone.ActiveCfg = Release|iPhone
		{7BE815D1-2D2C-440A-B837-A133FB086080}.Release|iPhone.Build.0 = Release|iPhone
		{7BE815D1-2D2C-440A-B837-A133FB086080}.Release|iPhoneSimulator.ActiveCfg = Release|iPhoneSimulator
		{7BE815D1-2D2C-440A-B837-A133FB086080}.Release|iPhoneSimulator.Build.0 = Release|iPhoneSimulator
		{7BE815D1-2D2C-440A-B837-A133FB086080}.Debug|iPhone.ActiveCfg = Debug|iPhone
		{7BE815D1-2D2C-440A-B837-A133FB086080}.Debug|iPhone.Build.0 = Debug|iPhone
	EndGlobalSection
EndGlobal
